<?xml version="1.0" encoding="utf-8"?>
<Project ToolsVersion="4.0" xmlns="http://schemas.microsoft.com/developer/msbuild/2003">
  <ItemGroup>
    <Filter Include="Hazra">
      <UniqueIdentifier>{3B2B4D0D-A73F-75BE-70C1-181EDC9471EF}</UniqueIdentifier>
    </Filter>
  </ItemGroup>
  <ItemGroup>
    <ClInclude Include="src\Hazra.h" />
    <ClInclude Include="src\Hazra\Application.h">
      <Filter>Hazra</Filter>
    </ClInclude>
    <ClInclude Include="src\Hazra\Core.h">
      <Filter>Hazra</Filter>
    </ClInclude>
    <ClInclude Include="src\Hazra\EntryPoint.h">
      <Filter>Hazra</Filter>
    </ClInclude>
    <ClInclude Include="src\Hazra\Log.h">
      <Filter>Hazra</Filter>
    </ClInclude>
  </ItemGroup>
  <ItemGroup>
    <ClCompile Include="src\Hazra\Application.cpp">
      <Filter>Hazra</Filter>
    </ClCompile>
    <ClCompile Include="src\Hazra\Log.cpp">
      <Filter>Hazra</Filter>
    </ClCompile>
  </ItemGroup>
</Project>